
Microsoft Visual Studio Solution File, Format Version 12.00
# Visual Studio 15
VisualStudioVersion = 15.0.28307.757
MinimumVisualStudioVersion = 10.0.40219.1
Project("{FAE04EC0-301F-11D3-BF4B-00C04F79EFBC}") = "Connection_ConnectionStringBuilder", "Connection_ConnectionStringBuilder\Connection_ConnectionStringBuilder.csproj", "{38EC6804-2521-4C77-82A9-5F2359235DE6}"
EndProject
Global
	GlobalSection(SolutionConfigurationPlatforms) = preSolution
		Debug|Any CPU = Debug|Any CPU
		Release|Any CPU = Release|Any CPU
	EndGlobalSection
	GlobalSection(ProjectConfigurationPlatforms) = postSolution
		{38EC6804-2521-4C77-82A9-5F2359235DE6}.Debug|Any CPU.ActiveCfg = Debug|Any CPU
		{38EC6804-2521-4C77-82A9-5F2359235DE6}.Debug|Any CPU.Build.0 = Debug|Any CPU
		{38EC6804-2521-4C77-82A9-5F2359235DE6}.Release|Any CPU.ActiveCfg = Release|Any CPU
		{38EC6804-2521-4C77-82A9-5F2359235DE6}.Release|Any CPU.Build.0 = Release|Any CPU
	EndGlobalSection
	GlobalSection(SolutionProperties) = preSolution
		HideSolutionNode = FALSE
	EndGlobalSection
	GlobalSection(ExtensibilityGlobals) = postSolution
		SolutionGuid = {981BB1E8-6BCF-48D4-88E7-64655FD103CF}
	EndGlobalSection
EndGlobal
