
Microsoft Visual Studio Solution File, Format Version 12.00
# Visual Studio 15
VisualStudioVersion = 15.0.28307.960
MinimumVisualStudioVersion = 10.0.40219.1
Project("{FAE04EC0-301F-11D3-BF4B-00C04F79EFBC}") = "Table_Row", "Table_Row\Table_Row.csproj", "{933AD0BF-78F6-49B8-943A-5A4007CFCFA2}"
EndProject
Global
	GlobalSection(SolutionConfigurationPlatforms) = preSolution
		Debug|Any CPU = Debug|Any CPU
		Release|Any CPU = Release|Any CPU
	EndGlobalSection
	GlobalSection(ProjectConfigurationPlatforms) = postSolution
		{933AD0BF-78F6-49B8-943A-5A4007CFCFA2}.Debug|Any CPU.ActiveCfg = Debug|Any CPU
		{933AD0BF-78F6-49B8-943A-5A4007CFCFA2}.Debug|Any CPU.Build.0 = Debug|Any CPU
		{933AD0BF-78F6-49B8-943A-5A4007CFCFA2}.Release|Any CPU.ActiveCfg = Release|Any CPU
		{933AD0BF-78F6-49B8-943A-5A4007CFCFA2}.Release|Any CPU.Build.0 = Release|Any CPU
	EndGlobalSection
	GlobalSection(SolutionProperties) = preSolution
		HideSolutionNode = FALSE
	EndGlobalSection
	GlobalSection(ExtensibilityGlobals) = postSolution
		SolutionGuid = {7DCA3B14-D500-45DB-9D8B-C05DBDD68BAE}
	EndGlobalSection
EndGlobal
