
Microsoft Visual Studio Solution File, Format Version 12.00
# Visual Studio 15
VisualStudioVersion = 15.0.28307.852
MinimumVisualStudioVersion = 10.0.40219.1
Project("{FAE04EC0-301F-11D3-BF4B-00C04F79EFBC}") = "Record_Reader_RawSql", "Record_Reader_RawSql\Record_Reader_RawSql.csproj", "{933AD0BF-78F6-49B8-943A-5A4007CFCFA2}"
EndProject
Project("{FAE04EC0-301F-11D3-BF4B-00C04F79EFBC}") = "Record_Reader_Orm", "Record_Reader_Orm\Record_Reader_Orm.csproj", "{0FB3DEFD-A725-4908-B52C-7C64A06E5646}"
EndProject
Global
	GlobalSection(SolutionConfigurationPlatforms) = preSolution
		Debug|Any CPU = Debug|Any CPU
		Release|Any CPU = Release|Any CPU
	EndGlobalSection
	GlobalSection(ProjectConfigurationPlatforms) = postSolution
		{933AD0BF-78F6-49B8-943A-5A4007CFCFA2}.Debug|Any CPU.ActiveCfg = Debug|Any CPU
		{933AD0BF-78F6-49B8-943A-5A4007CFCFA2}.Debug|Any CPU.Build.0 = Debug|Any CPU
		{933AD0BF-78F6-49B8-943A-5A4007CFCFA2}.Release|Any CPU.ActiveCfg = Release|Any CPU
		{933AD0BF-78F6-49B8-943A-5A4007CFCFA2}.Release|Any CPU.Build.0 = Release|Any CPU
		{0FB3DEFD-A725-4908-B52C-7C64A06E5646}.Debug|Any CPU.ActiveCfg = Debug|Any CPU
		{0FB3DEFD-A725-4908-B52C-7C64A06E5646}.Debug|Any CPU.Build.0 = Debug|Any CPU
		{0FB3DEFD-A725-4908-B52C-7C64A06E5646}.Release|Any CPU.ActiveCfg = Release|Any CPU
		{0FB3DEFD-A725-4908-B52C-7C64A06E5646}.Release|Any CPU.Build.0 = Release|Any CPU
	EndGlobalSection
	GlobalSection(SolutionProperties) = preSolution
		HideSolutionNode = FALSE
	EndGlobalSection
	GlobalSection(ExtensibilityGlobals) = postSolution
		SolutionGuid = {E4765E58-C3DF-4B95-9E61-59C76E94243D}
	EndGlobalSection
EndGlobal
