
Microsoft Visual Studio Solution File, Format Version 12.00
# Visual Studio 15
VisualStudioVersion = 15.0.28307.757
MinimumVisualStudioVersion = 10.0.40219.1
Project("{FAE04EC0-301F-11D3-BF4B-00C04F79EFBC}") = "Connection_Config", "Connection_Config\Connection_Config.csproj", "{DF0943F2-99E4-4E22-BCEF-88439F466CB4}"
EndProject
Global
	GlobalSection(SolutionConfigurationPlatforms) = preSolution
		Debug|Any CPU = Debug|Any CPU
		Release|Any CPU = Release|Any CPU
	EndGlobalSection
	GlobalSection(ProjectConfigurationPlatforms) = postSolution
		{DF0943F2-99E4-4E22-BCEF-88439F466CB4}.Debug|Any CPU.ActiveCfg = Debug|Any CPU
		{DF0943F2-99E4-4E22-BCEF-88439F466CB4}.Debug|Any CPU.Build.0 = Debug|Any CPU
		{DF0943F2-99E4-4E22-BCEF-88439F466CB4}.Release|Any CPU.ActiveCfg = Release|Any CPU
		{DF0943F2-99E4-4E22-BCEF-88439F466CB4}.Release|Any CPU.Build.0 = Release|Any CPU
	EndGlobalSection
	GlobalSection(SolutionProperties) = preSolution
		HideSolutionNode = FALSE
	EndGlobalSection
	GlobalSection(ExtensibilityGlobals) = postSolution
		SolutionGuid = {086C4F64-D4A8-4F48-8A5A-30EEB4A236F6}
	EndGlobalSection
EndGlobal
